// !$*UTF8*$!
{
	archiveVersion = 1;
	classes = {
	};
	objectVersion = 56;
	objects = {

/* Begin PBXBuildFile section */
		3F478ECF29DB474E00F6D39E /* Colors.swift in Sources */ = {isa = PBXBuildFile; fileRef = 3F478ECE29DB474E00F6D39E /* Colors.swift */; };
		3F478ED129DB476500F6D39E /* Fonts.swift in Sources */ = {isa = PBXBuildFile; fileRef = 3F478ED029DB476500F6D39E /* Fonts.swift */; };
		3F603CCD29DB4A53000C43D7 /* ProgressHUD in Frameworks */ = {isa = PBXBuildFile; productRef = 3F603CCC29DB4A53000C43D7 /* ProgressHUD */; };
		3F603CD029DB4A74000C43D7 /* Kingfisher in Frameworks */ = {isa = PBXBuildFile; productRef = 3F603CCF29DB4A74000C43D7 /* Kingfisher */; };
		3F68069729CBBAF100B4F915 /* AppDelegate.swift in Sources */ = {isa = PBXBuildFile; fileRef = 3F68069629CBBAF100B4F915 /* AppDelegate.swift */; };
		3F68069929CBBAF100B4F915 /* SceneDelegate.swift in Sources */ = {isa = PBXBuildFile; fileRef = 3F68069829CBBAF100B4F915 /* SceneDelegate.swift */; };
		3F68069B29CBBAF100B4F915 /* ProductDetailsTableViewController.swift in Sources */ = {isa = PBXBuildFile; fileRef = 3F68069A29CBBAF100B4F915 /* ProductDetailsTableViewController.swift */; };
		3F6806A029CBBAF200B4F915 /* Assets.xcassets in Resources */ = {isa = PBXBuildFile; fileRef = 3F68069F29CBBAF200B4F915 /* Assets.xcassets */; };
		3F6806A329CBBAF200B4F915 /* LaunchScreen.storyboard in Resources */ = {isa = PBXBuildFile; fileRef = 3F6806A129CBBAF200B4F915 /* LaunchScreen.storyboard */; };
		3F6806AE29CBBAF200B4F915 /* ExampleUnitTests.swift in Sources */ = {isa = PBXBuildFile; fileRef = 3F6806AD29CBBAF200B4F915 /* ExampleUnitTests.swift */; };
		3F6806B829CBBAF200B4F915 /* FakeNFTUITests.swift in Sources */ = {isa = PBXBuildFile; fileRef = 3F6806B729CBBAF200B4F915 /* FakeNFTUITests.swift */; };
		3F6806CB29CBBCC700B4F915 /* ExampleNetworkModel.swift in Sources */ = {isa = PBXBuildFile; fileRef = 3F6806CA29CBBCC700B4F915 /* ExampleNetworkModel.swift */; };
		3F6806D129CBBE6B00B4F915 /* NetworkClient.swift in Sources */ = {isa = PBXBuildFile; fileRef = 3F6806D029CBBE6B00B4F915 /* NetworkClient.swift */; };
		3F6806D329CBBE9600B4F915 /* NetworkRequest.swift in Sources */ = {isa = PBXBuildFile; fileRef = 3F6806D229CBBE9600B4F915 /* NetworkRequest.swift */; };
		3F6806D529CBBEC700B4F915 /* NetworkTask.swift in Sources */ = {isa = PBXBuildFile; fileRef = 3F6806D429CBBEC700B4F915 /* NetworkTask.swift */; };
		3F6806D729CBC50A00B4F915 /* CellsReusingUtils.swift in Sources */ = {isa = PBXBuildFile; fileRef = 3F6806D629CBC50A00B4F915 /* CellsReusingUtils.swift */; };
		3FC8C38B29D242E90081F015 /* ProductDetailsTableViewCell.swift in Sources */ = {isa = PBXBuildFile; fileRef = 3FC8C38A29D242E90081F015 /* ProductDetailsTableViewCell.swift */; };
		3FC8C39129D2453B0081F015 /* GetNFTRequest.swift in Sources */ = {isa = PBXBuildFile; fileRef = 3FC8C39029D2453B0081F015 /* GetNFTRequest.swift */; };
		3FC8C39329D246BA0081F015 /* DateFormatters+Presets.swift in Sources */ = {isa = PBXBuildFile; fileRef = 3FC8C39229D246BA0081F015 /* DateFormatters+Presets.swift */; };
		6108DCD02A78519900AAEB34 /* String+extensions.swift in Sources */ = {isa = PBXBuildFile; fileRef = 6108DCCF2A78519900AAEB34 /* String+extensions.swift */; };
		6108DCD42A78522B00AAEB34 /* Localizable.strings in Resources */ = {isa = PBXBuildFile; fileRef = 6108DCD62A78522B00AAEB34 /* Localizable.strings */; };
		6108DCD92A798B6300AAEB34 /* ProfileEditingViewController.swift in Sources */ = {isa = PBXBuildFile; fileRef = 6108DCD82A798B6300AAEB34 /* ProfileEditingViewController.swift */; };
		6108DCDB2A798D0900AAEB34 /* ProfileViewModel.swift in Sources */ = {isa = PBXBuildFile; fileRef = 6108DCDA2A798D0900AAEB34 /* ProfileViewModel.swift */; };
		6108DCE52A7AE4F200AAEB34 /* MyNFTsViewController.swift in Sources */ = {isa = PBXBuildFile; fileRef = 6108DCE42A7AE4F200AAEB34 /* MyNFTsViewController.swift */; };
		6108DCE92A7AE60D00AAEB34 /* FavoriteNFTsViewController.swift in Sources */ = {isa = PBXBuildFile; fileRef = 6108DCE82A7AE60D00AAEB34 /* FavoriteNFTsViewController.swift */; };
		6108DCEB2A7AE9F500AAEB34 /* ProfileWebsiteViewController.swift in Sources */ = {isa = PBXBuildFile; fileRef = 6108DCEA2A7AE9F500AAEB34 /* ProfileWebsiteViewController.swift */; };
		6108DCF02A7C153D00AAEB34 /* ProfileEditingViewModel.swift in Sources */ = {isa = PBXBuildFile; fileRef = 6108DCEF2A7C153D00AAEB34 /* ProfileEditingViewModel.swift */; };
		6108DCF22A7C1F6400AAEB34 /* ProfileTextField.swift in Sources */ = {isa = PBXBuildFile; fileRef = 6108DCF12A7C1F6400AAEB34 /* ProfileTextField.swift */; };
		611EEBD92A840B21001C7954 /* UIBlockingProgressHUD.swift in Sources */ = {isa = PBXBuildFile; fileRef = 611EEBD82A840B21001C7954 /* UIBlockingProgressHUD.swift */; };
		611EEBDB2A840C02001C7954 /* Constants.swift in Sources */ = {isa = PBXBuildFile; fileRef = 611EEBDA2A840C02001C7954 /* Constants.swift */; };
		612527172A8D6D740016EE71 /* FavoriteNFTsViewModel.swift in Sources */ = {isa = PBXBuildFile; fileRef = 612527162A8D6D740016EE71 /* FavoriteNFTsViewModel.swift */; };
		612FE3B62A82C865003273F6 /* ProfileService.swift in Sources */ = {isa = PBXBuildFile; fileRef = 612FE3B52A82C865003273F6 /* ProfileService.swift */; };
		612FE3B82A82D2ED003273F6 /* MyNFTsViewModel.swift in Sources */ = {isa = PBXBuildFile; fileRef = 612FE3B72A82D2ED003273F6 /* MyNFTsViewModel.swift */; };
		612FE3BA2A82DF7F003273F6 /* MyNFTsCell.swift in Sources */ = {isa = PBXBuildFile; fileRef = 612FE3B92A82DF7F003273F6 /* MyNFTsCell.swift */; };
		615CBBC62A84276100E7D2F9 /* ProfileDecomposition.md in Resources */ = {isa = PBXBuildFile; fileRef = 615CBBC52A84276100E7D2F9 /* ProfileDecomposition.md */; };
		61DF57DC2A7EA546006C1211 /* ProfileModel.swift in Sources */ = {isa = PBXBuildFile; fileRef = 61DF57DB2A7EA546006C1211 /* ProfileModel.swift */; };
		61DF57DE2A7EA59E006C1211 /* NFTModel.swift in Sources */ = {isa = PBXBuildFile; fileRef = 61DF57DD2A7EA59E006C1211 /* NFTModel.swift */; };
		61DF57E02A7EA6AB006C1211 /* UserModel.swift in Sources */ = {isa = PBXBuildFile; fileRef = 61DF57DF2A7EA6AB006C1211 /* UserModel.swift */; };
		61DF57E22A7EA715006C1211 /* OrderModel.swift in Sources */ = {isa = PBXBuildFile; fileRef = 61DF57E12A7EA715006C1211 /* OrderModel.swift */; };
		61DF57E42A7EA809006C1211 /* CollectionModel.swift in Sources */ = {isa = PBXBuildFile; fileRef = 61DF57E32A7EA809006C1211 /* CollectionModel.swift */; };
		61DF57E62A7EA8B0006C1211 /* CurrencyModel.swift in Sources */ = {isa = PBXBuildFile; fileRef = 61DF57E52A7EA8B0006C1211 /* CurrencyModel.swift */; };
		61DF57E82A7EA948006C1211 /* PaymentCurrencyModel.swift in Sources */ = {isa = PBXBuildFile; fileRef = 61DF57E72A7EA948006C1211 /* PaymentCurrencyModel.swift */; };
		C4406AB52A8CC2E3007593E9 /* GetProfileRequest.swift in Sources */ = {isa = PBXBuildFile; fileRef = C4406AB42A8CC2E3007593E9 /* GetProfileRequest.swift */; };
		C4406AB72A8CC304007593E9 /* ChangeProfileRequest.swift in Sources */ = {isa = PBXBuildFile; fileRef = C4406AB62A8CC304007593E9 /* ChangeProfileRequest.swift */; };
		C4406AB92A8CC387007593E9 /* GetOrderRequest.swift in Sources */ = {isa = PBXBuildFile; fileRef = C4406AB82A8CC387007593E9 /* GetOrderRequest.swift */; };
		C4406ABB2A8CC3A2007593E9 /* PutOrderRequest.swift in Sources */ = {isa = PBXBuildFile; fileRef = C4406ABA2A8CC3A2007593E9 /* PutOrderRequest.swift */; };
		C4406ABD2A8CC3C3007593E9 /* CartService.swift in Sources */ = {isa = PBXBuildFile; fileRef = C4406ABC2A8CC3C3007593E9 /* CartService.swift */; };
		C4406ABF2A8CC45F007593E9 /* CurrencyService.swift in Sources */ = {isa = PBXBuildFile; fileRef = C4406ABE2A8CC45F007593E9 /* CurrencyService.swift */; };
		C4406AC12A8CC495007593E9 /* GetCurrenciesRequest.swift in Sources */ = {isa = PBXBuildFile; fileRef = C4406AC02A8CC495007593E9 /* GetCurrenciesRequest.swift */; };
		C4406AC32A8CC4AB007593E9 /* PaymentOrderRequest.swift in Sources */ = {isa = PBXBuildFile; fileRef = C4406AC22A8CC4AB007593E9 /* PaymentOrderRequest.swift */; };
		C4406AC52A8CC5CE007593E9 /* UserByIDService.swift in Sources */ = {isa = PBXBuildFile; fileRef = C4406AC42A8CC5CE007593E9 /* UserByIDService.swift */; };
		C4406AC72A8CC67F007593E9 /* GetUserByIDRequest.swift in Sources */ = {isa = PBXBuildFile; fileRef = C4406AC62A8CC67F007593E9 /* GetUserByIDRequest.swift */; };
		C4406AC92A8CC700007593E9 /* UsersService.swift in Sources */ = {isa = PBXBuildFile; fileRef = C4406AC82A8CC700007593E9 /* UsersService.swift */; };
		C4406ACB2A8CC7A2007593E9 /* GetUsersRequest.swift in Sources */ = {isa = PBXBuildFile; fileRef = C4406ACA2A8CC7A2007593E9 /* GetUsersRequest.swift */; };
		C4406ACD2A8CCE3F007593E9 /* UsersModel.swift in Sources */ = {isa = PBXBuildFile; fileRef = C4406ACC2A8CCE3F007593E9 /* UsersModel.swift */; };
		C4406ACF2A8CE5B0007593E9 /* NFTServiceProtocol.swift in Sources */ = {isa = PBXBuildFile; fileRef = C4406ACE2A8CE5B0007593E9 /* NFTServiceProtocol.swift */; };
		C4406AD12A8CE669007593E9 /* ProfileServiceProtocol.swift in Sources */ = {isa = PBXBuildFile; fileRef = C4406AD02A8CE669007593E9 /* ProfileServiceProtocol.swift */; };
		C4406AD32A8CE8A4007593E9 /* CartServiceProtocol.swift in Sources */ = {isa = PBXBuildFile; fileRef = C4406AD22A8CE8A4007593E9 /* CartServiceProtocol.swift */; };
		C4406AD52A8CE98F007593E9 /* CurrencyServiceProtocol.swift in Sources */ = {isa = PBXBuildFile; fileRef = C4406AD42A8CE98F007593E9 /* CurrencyServiceProtocol.swift */; };
		C4406AD72A8CE9E3007593E9 /* UserByIDServiceProtocol.swift in Sources */ = {isa = PBXBuildFile; fileRef = C4406AD62A8CE9E3007593E9 /* UserByIDServiceProtocol.swift */; };
		C4406AD92A8CEA17007593E9 /* UsersServiceProtocol.swift in Sources */ = {isa = PBXBuildFile; fileRef = C4406AD82A8CEA17007593E9 /* UsersServiceProtocol.swift */; };
		C452BA182A7825BE00862092 /* Observable.swift in Sources */ = {isa = PBXBuildFile; fileRef = C452BA172A7825BE00862092 /* Observable.swift */; };
		C46533802A73D4F6003AB2C1 /* UIColor+extension.swift in Sources */ = {isa = PBXBuildFile; fileRef = C465337F2A73D4F6003AB2C1 /* UIColor+extension.swift */; };
		C46E7E0F2A750583006E12E3 /* UIImage+extension.swift in Sources */ = {isa = PBXBuildFile; fileRef = C46E7E0E2A750583006E12E3 /* UIImage+extension.swift */; };
		C4C26EC62A829958003F2F35 /* UICollectionView+extension.swift in Sources */ = {isa = PBXBuildFile; fileRef = C4C26EC52A829958003F2F35 /* UICollectionView+extension.swift */; };
		C4D08E392A7A4B9F000B67FB /* CatalogueViewModel.swift in Sources */ = {isa = PBXBuildFile; fileRef = C4D08E382A7A4B9F000B67FB /* CatalogueViewModel.swift */; };
		C4D08E3D2A7A4C0E000B67FB /* StatisticViewModel.swift in Sources */ = {isa = PBXBuildFile; fileRef = C4D08E3C2A7A4C0E000B67FB /* StatisticViewModel.swift */; };
		C4D08E3F2A7A4C39000B67FB /* CartViewModel.swift in Sources */ = {isa = PBXBuildFile; fileRef = C4D08E3E2A7A4C39000B67FB /* CartViewModel.swift */; };
		C4D18D8C2A7BB9AC00C48F28 /* UIViewController+extension.swift in Sources */ = {isa = PBXBuildFile; fileRef = C4D18D8B2A7BB9AC00C48F28 /* UIViewController+extension.swift */; };
		C4D18D8F2A7BBE3F00C48F28 /* Sortable.swift in Sources */ = {isa = PBXBuildFile; fileRef = C4D18D8E2A7BBE3F00C48F28 /* Sortable.swift */; };
		E25279A82A829B2200FAE66A /* NFTService.swift in Sources */ = {isa = PBXBuildFile; fileRef = E25279A72A829B2200FAE66A /* NFTService.swift */; };
		E29A5BCF2A76A68600A76D9C /* TabBarController.swift in Sources */ = {isa = PBXBuildFile; fileRef = E29A5BCE2A76A68600A76D9C /* TabBarController.swift */; };
		E29A5BD12A76A84900A76D9C /* StatisticViewController.swift in Sources */ = {isa = PBXBuildFile; fileRef = E29A5BD02A76A84900A76D9C /* StatisticViewController.swift */; };
		E29A5BD32A76A87300A76D9C /* ProfileViewController.swift in Sources */ = {isa = PBXBuildFile; fileRef = E29A5BD22A76A87300A76D9C /* ProfileViewController.swift */; };
		E29A5BD52A76A8D400A76D9C /* CatalogViewController.swift in Sources */ = {isa = PBXBuildFile; fileRef = E29A5BD42A76A8D400A76D9C /* CatalogViewController.swift */; };
		E29A5BD72A76A92C00A76D9C /* CartViewController.swift in Sources */ = {isa = PBXBuildFile; fileRef = E29A5BD62A76A92C00A76D9C /* CartViewController.swift */; };
		E29A5BD92A76B53200A76D9C /* ReuseIdentifier.swift in Sources */ = {isa = PBXBuildFile; fileRef = E29A5BD82A76B53200A76D9C /* ReuseIdentifier.swift */; };
		E29A5BDB2A76B54400A76D9C /* UICollectionViewCell + Ext.swift in Sources */ = {isa = PBXBuildFile; fileRef = E29A5BDA2A76B54400A76D9C /* UICollectionViewCell + Ext.swift */; };
		E29A5BDD2A76B5FC00A76D9C /* UITableViewCell + Ext.swift in Sources */ = {isa = PBXBuildFile; fileRef = E29A5BDC2A76B5FC00A76D9C /* UITableViewCell + Ext.swift */; };
/* End PBXBuildFile section */

/* Begin PBXContainerItemProxy section */
		3F6806AA29CBBAF200B4F915 /* PBXContainerItemProxy */ = {
			isa = PBXContainerItemProxy;
			containerPortal = 3F68068B29CBBAF100B4F915 /* Project object */;
			proxyType = 1;
			remoteGlobalIDString = 3F68069229CBBAF100B4F915;
			remoteInfo = FakeNFT;
		};
		3F6806B429CBBAF200B4F915 /* PBXContainerItemProxy */ = {
			isa = PBXContainerItemProxy;
			containerPortal = 3F68068B29CBBAF100B4F915 /* Project object */;
			proxyType = 1;
			remoteGlobalIDString = 3F68069229CBBAF100B4F915;
			remoteInfo = FakeNFT;
		};
/* End PBXContainerItemProxy section */

/* Begin PBXFileReference section */
		3F478ECE29DB474E00F6D39E /* Colors.swift */ = {isa = PBXFileReference; lastKnownFileType = sourcecode.swift; path = Colors.swift; sourceTree = "<group>"; };
		3F478ED029DB476500F6D39E /* Fonts.swift */ = {isa = PBXFileReference; lastKnownFileType = sourcecode.swift; path = Fonts.swift; sourceTree = "<group>"; };
		3F68069329CBBAF100B4F915 /* FakeNFT.app */ = {isa = PBXFileReference; explicitFileType = wrapper.application; includeInIndex = 0; path = FakeNFT.app; sourceTree = BUILT_PRODUCTS_DIR; };
		3F68069629CBBAF100B4F915 /* AppDelegate.swift */ = {isa = PBXFileReference; lastKnownFileType = sourcecode.swift; path = AppDelegate.swift; sourceTree = "<group>"; };
		3F68069829CBBAF100B4F915 /* SceneDelegate.swift */ = {isa = PBXFileReference; lastKnownFileType = sourcecode.swift; path = SceneDelegate.swift; sourceTree = "<group>"; };
		3F68069A29CBBAF100B4F915 /* ProductDetailsTableViewController.swift */ = {isa = PBXFileReference; lastKnownFileType = sourcecode.swift; path = ProductDetailsTableViewController.swift; sourceTree = "<group>"; };
		3F68069F29CBBAF200B4F915 /* Assets.xcassets */ = {isa = PBXFileReference; lastKnownFileType = folder.assetcatalog; path = Assets.xcassets; sourceTree = "<group>"; };
		3F6806A229CBBAF200B4F915 /* Base */ = {isa = PBXFileReference; lastKnownFileType = file.storyboard; name = Base; path = Base.lproj/LaunchScreen.storyboard; sourceTree = "<group>"; };
		3F6806A429CBBAF200B4F915 /* Info.plist */ = {isa = PBXFileReference; lastKnownFileType = text.plist.xml; path = Info.plist; sourceTree = "<group>"; };
		3F6806A929CBBAF200B4F915 /* FakeNFTTests.xctest */ = {isa = PBXFileReference; explicitFileType = wrapper.cfbundle; includeInIndex = 0; path = FakeNFTTests.xctest; sourceTree = BUILT_PRODUCTS_DIR; };
		3F6806AD29CBBAF200B4F915 /* ExampleUnitTests.swift */ = {isa = PBXFileReference; lastKnownFileType = sourcecode.swift; path = ExampleUnitTests.swift; sourceTree = "<group>"; };
		3F6806B329CBBAF200B4F915 /* FakeNFTUITests.xctest */ = {isa = PBXFileReference; explicitFileType = wrapper.cfbundle; includeInIndex = 0; path = FakeNFTUITests.xctest; sourceTree = BUILT_PRODUCTS_DIR; };
		3F6806B729CBBAF200B4F915 /* FakeNFTUITests.swift */ = {isa = PBXFileReference; lastKnownFileType = sourcecode.swift; path = FakeNFTUITests.swift; sourceTree = "<group>"; };
		3F6806CA29CBBCC700B4F915 /* ExampleNetworkModel.swift */ = {isa = PBXFileReference; lastKnownFileType = sourcecode.swift; path = ExampleNetworkModel.swift; sourceTree = "<group>"; };
		3F6806D029CBBE6B00B4F915 /* NetworkClient.swift */ = {isa = PBXFileReference; lastKnownFileType = sourcecode.swift; path = NetworkClient.swift; sourceTree = "<group>"; };
		3F6806D229CBBE9600B4F915 /* NetworkRequest.swift */ = {isa = PBXFileReference; lastKnownFileType = sourcecode.swift; path = NetworkRequest.swift; sourceTree = "<group>"; };
		3F6806D429CBBEC700B4F915 /* NetworkTask.swift */ = {isa = PBXFileReference; lastKnownFileType = sourcecode.swift; path = NetworkTask.swift; sourceTree = "<group>"; };
		3F6806D629CBC50A00B4F915 /* CellsReusingUtils.swift */ = {isa = PBXFileReference; lastKnownFileType = sourcecode.swift; path = CellsReusingUtils.swift; sourceTree = "<group>"; };
		3FC8C38A29D242E90081F015 /* ProductDetailsTableViewCell.swift */ = {isa = PBXFileReference; lastKnownFileType = sourcecode.swift; path = ProductDetailsTableViewCell.swift; sourceTree = "<group>"; };
		3FC8C39029D2453B0081F015 /* GetNFTRequest.swift */ = {isa = PBXFileReference; lastKnownFileType = sourcecode.swift; path = GetNFTRequest.swift; sourceTree = "<group>"; };
		3FC8C39229D246BA0081F015 /* DateFormatters+Presets.swift */ = {isa = PBXFileReference; lastKnownFileType = sourcecode.swift; path = "DateFormatters+Presets.swift"; sourceTree = "<group>"; };
		6108DCCF2A78519900AAEB34 /* String+extensions.swift */ = {isa = PBXFileReference; lastKnownFileType = sourcecode.swift; path = "String+extensions.swift"; sourceTree = "<group>"; };
		6108DCD52A78522B00AAEB34 /* en */ = {isa = PBXFileReference; lastKnownFileType = text.plist.strings; name = en; path = en.lproj/Localizable.strings; sourceTree = "<group>"; };
		6108DCD72A78524800AAEB34 /* ru */ = {isa = PBXFileReference; lastKnownFileType = text.plist.strings; name = ru; path = ru.lproj/Localizable.strings; sourceTree = "<group>"; };
		6108DCD82A798B6300AAEB34 /* ProfileEditingViewController.swift */ = {isa = PBXFileReference; lastKnownFileType = sourcecode.swift; path = ProfileEditingViewController.swift; sourceTree = "<group>"; };
		6108DCDA2A798D0900AAEB34 /* ProfileViewModel.swift */ = {isa = PBXFileReference; lastKnownFileType = sourcecode.swift; path = ProfileViewModel.swift; sourceTree = "<group>"; };
		6108DCE42A7AE4F200AAEB34 /* MyNFTsViewController.swift */ = {isa = PBXFileReference; lastKnownFileType = sourcecode.swift; path = MyNFTsViewController.swift; sourceTree = "<group>"; };
		6108DCE82A7AE60D00AAEB34 /* FavoriteNFTsViewController.swift */ = {isa = PBXFileReference; lastKnownFileType = sourcecode.swift; path = FavoriteNFTsViewController.swift; sourceTree = "<group>"; };
		6108DCEA2A7AE9F500AAEB34 /* ProfileWebsiteViewController.swift */ = {isa = PBXFileReference; lastKnownFileType = sourcecode.swift; path = ProfileWebsiteViewController.swift; sourceTree = "<group>"; };
		6108DCEF2A7C153D00AAEB34 /* ProfileEditingViewModel.swift */ = {isa = PBXFileReference; lastKnownFileType = sourcecode.swift; path = ProfileEditingViewModel.swift; sourceTree = "<group>"; };
		6108DCF12A7C1F6400AAEB34 /* ProfileTextField.swift */ = {isa = PBXFileReference; lastKnownFileType = sourcecode.swift; path = ProfileTextField.swift; sourceTree = "<group>"; };
		611EEBD82A840B21001C7954 /* UIBlockingProgressHUD.swift */ = {isa = PBXFileReference; lastKnownFileType = sourcecode.swift; path = UIBlockingProgressHUD.swift; sourceTree = "<group>"; };
		611EEBDA2A840C02001C7954 /* Constants.swift */ = {isa = PBXFileReference; lastKnownFileType = sourcecode.swift; path = Constants.swift; sourceTree = "<group>"; };
		612527162A8D6D740016EE71 /* FavoriteNFTsViewModel.swift */ = {isa = PBXFileReference; lastKnownFileType = sourcecode.swift; path = FavoriteNFTsViewModel.swift; sourceTree = "<group>"; };
		612FE3B52A82C865003273F6 /* ProfileService.swift */ = {isa = PBXFileReference; lastKnownFileType = sourcecode.swift; path = ProfileService.swift; sourceTree = "<group>"; };
		612FE3B72A82D2ED003273F6 /* MyNFTsViewModel.swift */ = {isa = PBXFileReference; lastKnownFileType = sourcecode.swift; path = MyNFTsViewModel.swift; sourceTree = "<group>"; };
		612FE3B92A82DF7F003273F6 /* MyNFTsCell.swift */ = {isa = PBXFileReference; lastKnownFileType = sourcecode.swift; path = MyNFTsCell.swift; sourceTree = "<group>"; };
		615CBBC52A84276100E7D2F9 /* ProfileDecomposition.md */ = {isa = PBXFileReference; fileEncoding = 4; lastKnownFileType = net.daringfireball.markdown; path = ProfileDecomposition.md; sourceTree = "<group>"; };
		61DF57DB2A7EA546006C1211 /* ProfileModel.swift */ = {isa = PBXFileReference; lastKnownFileType = sourcecode.swift; path = ProfileModel.swift; sourceTree = "<group>"; };
		61DF57DD2A7EA59E006C1211 /* NFTModel.swift */ = {isa = PBXFileReference; lastKnownFileType = sourcecode.swift; path = NFTModel.swift; sourceTree = "<group>"; };
		61DF57DF2A7EA6AB006C1211 /* UserModel.swift */ = {isa = PBXFileReference; lastKnownFileType = sourcecode.swift; path = UserModel.swift; sourceTree = "<group>"; };
		61DF57E12A7EA715006C1211 /* OrderModel.swift */ = {isa = PBXFileReference; lastKnownFileType = sourcecode.swift; path = OrderModel.swift; sourceTree = "<group>"; };
		61DF57E32A7EA809006C1211 /* CollectionModel.swift */ = {isa = PBXFileReference; lastKnownFileType = sourcecode.swift; path = CollectionModel.swift; sourceTree = "<group>"; };
		61DF57E52A7EA8B0006C1211 /* CurrencyModel.swift */ = {isa = PBXFileReference; lastKnownFileType = sourcecode.swift; path = CurrencyModel.swift; sourceTree = "<group>"; };
		61DF57E72A7EA948006C1211 /* PaymentCurrencyModel.swift */ = {isa = PBXFileReference; lastKnownFileType = sourcecode.swift; path = PaymentCurrencyModel.swift; sourceTree = "<group>"; };
		C4406AB42A8CC2E3007593E9 /* GetProfileRequest.swift */ = {isa = PBXFileReference; lastKnownFileType = sourcecode.swift; path = GetProfileRequest.swift; sourceTree = "<group>"; };
		C4406AB62A8CC304007593E9 /* ChangeProfileRequest.swift */ = {isa = PBXFileReference; lastKnownFileType = sourcecode.swift; path = ChangeProfileRequest.swift; sourceTree = "<group>"; };
		C4406AB82A8CC387007593E9 /* GetOrderRequest.swift */ = {isa = PBXFileReference; lastKnownFileType = sourcecode.swift; path = GetOrderRequest.swift; sourceTree = "<group>"; };
		C4406ABA2A8CC3A2007593E9 /* PutOrderRequest.swift */ = {isa = PBXFileReference; lastKnownFileType = sourcecode.swift; path = PutOrderRequest.swift; sourceTree = "<group>"; };
		C4406ABC2A8CC3C3007593E9 /* CartService.swift */ = {isa = PBXFileReference; lastKnownFileType = sourcecode.swift; path = CartService.swift; sourceTree = "<group>"; };
		C4406ABE2A8CC45F007593E9 /* CurrencyService.swift */ = {isa = PBXFileReference; lastKnownFileType = sourcecode.swift; path = CurrencyService.swift; sourceTree = "<group>"; };
		C4406AC02A8CC495007593E9 /* GetCurrenciesRequest.swift */ = {isa = PBXFileReference; lastKnownFileType = sourcecode.swift; path = GetCurrenciesRequest.swift; sourceTree = "<group>"; };
		C4406AC22A8CC4AB007593E9 /* PaymentOrderRequest.swift */ = {isa = PBXFileReference; lastKnownFileType = sourcecode.swift; path = PaymentOrderRequest.swift; sourceTree = "<group>"; };
		C4406AC42A8CC5CE007593E9 /* UserByIDService.swift */ = {isa = PBXFileReference; lastKnownFileType = sourcecode.swift; path = UserByIDService.swift; sourceTree = "<group>"; };
		C4406AC62A8CC67F007593E9 /* GetUserByIDRequest.swift */ = {isa = PBXFileReference; lastKnownFileType = sourcecode.swift; path = GetUserByIDRequest.swift; sourceTree = "<group>"; };
		C4406AC82A8CC700007593E9 /* UsersService.swift */ = {isa = PBXFileReference; lastKnownFileType = sourcecode.swift; path = UsersService.swift; sourceTree = "<group>"; };
		C4406ACA2A8CC7A2007593E9 /* GetUsersRequest.swift */ = {isa = PBXFileReference; lastKnownFileType = sourcecode.swift; path = GetUsersRequest.swift; sourceTree = "<group>"; };
		C4406ACC2A8CCE3F007593E9 /* UsersModel.swift */ = {isa = PBXFileReference; lastKnownFileType = sourcecode.swift; path = UsersModel.swift; sourceTree = "<group>"; };
		C4406ACE2A8CE5B0007593E9 /* NFTServiceProtocol.swift */ = {isa = PBXFileReference; lastKnownFileType = sourcecode.swift; path = NFTServiceProtocol.swift; sourceTree = "<group>"; };
		C4406AD02A8CE669007593E9 /* ProfileServiceProtocol.swift */ = {isa = PBXFileReference; lastKnownFileType = sourcecode.swift; path = ProfileServiceProtocol.swift; sourceTree = "<group>"; };
		C4406AD22A8CE8A4007593E9 /* CartServiceProtocol.swift */ = {isa = PBXFileReference; lastKnownFileType = sourcecode.swift; path = CartServiceProtocol.swift; sourceTree = "<group>"; };
		C4406AD42A8CE98F007593E9 /* CurrencyServiceProtocol.swift */ = {isa = PBXFileReference; lastKnownFileType = sourcecode.swift; path = CurrencyServiceProtocol.swift; sourceTree = "<group>"; };
		C4406AD62A8CE9E3007593E9 /* UserByIDServiceProtocol.swift */ = {isa = PBXFileReference; lastKnownFileType = sourcecode.swift; path = UserByIDServiceProtocol.swift; sourceTree = "<group>"; };
		C4406AD82A8CEA17007593E9 /* UsersServiceProtocol.swift */ = {isa = PBXFileReference; lastKnownFileType = sourcecode.swift; path = UsersServiceProtocol.swift; sourceTree = "<group>"; };
		C452BA172A7825BE00862092 /* Observable.swift */ = {isa = PBXFileReference; lastKnownFileType = sourcecode.swift; path = Observable.swift; sourceTree = "<group>"; };
		C465337F2A73D4F6003AB2C1 /* UIColor+extension.swift */ = {isa = PBXFileReference; lastKnownFileType = sourcecode.swift; path = "UIColor+extension.swift"; sourceTree = "<group>"; };
		C46E7E0E2A750583006E12E3 /* UIImage+extension.swift */ = {isa = PBXFileReference; lastKnownFileType = sourcecode.swift; path = "UIImage+extension.swift"; sourceTree = "<group>"; };
		C4C26EC52A829958003F2F35 /* UICollectionView+extension.swift */ = {isa = PBXFileReference; lastKnownFileType = sourcecode.swift; path = "UICollectionView+extension.swift"; sourceTree = "<group>"; };
		C4D08E382A7A4B9F000B67FB /* CatalogueViewModel.swift */ = {isa = PBXFileReference; lastKnownFileType = sourcecode.swift; path = CatalogueViewModel.swift; sourceTree = "<group>"; };
		C4D08E3A2A7A4BCA000B67FB /* ProfileViewModel.swift */ = {isa = PBXFileReference; lastKnownFileType = sourcecode.swift; path = ProfileViewModel.swift; sourceTree = "<group>"; };
		C4D08E3C2A7A4C0E000B67FB /* StatisticViewModel.swift */ = {isa = PBXFileReference; lastKnownFileType = sourcecode.swift; path = StatisticViewModel.swift; sourceTree = "<group>"; };
		C4D08E3E2A7A4C39000B67FB /* CartViewModel.swift */ = {isa = PBXFileReference; lastKnownFileType = sourcecode.swift; path = CartViewModel.swift; sourceTree = "<group>"; };
		C4D18D8B2A7BB9AC00C48F28 /* UIViewController+extension.swift */ = {isa = PBXFileReference; lastKnownFileType = sourcecode.swift; path = "UIViewController+extension.swift"; sourceTree = "<group>"; };
		C4D18D8E2A7BBE3F00C48F28 /* Sortable.swift */ = {isa = PBXFileReference; lastKnownFileType = sourcecode.swift; path = Sortable.swift; sourceTree = "<group>"; };
		E25279A72A829B2200FAE66A /* NFTService.swift */ = {isa = PBXFileReference; lastKnownFileType = sourcecode.swift; path = NFTService.swift; sourceTree = "<group>"; };
		E29A5BCE2A76A68600A76D9C /* TabBarController.swift */ = {isa = PBXFileReference; lastKnownFileType = sourcecode.swift; path = TabBarController.swift; sourceTree = "<group>"; };
		E29A5BD02A76A84900A76D9C /* StatisticViewController.swift */ = {isa = PBXFileReference; lastKnownFileType = sourcecode.swift; path = StatisticViewController.swift; sourceTree = "<group>"; };
		E29A5BD22A76A87300A76D9C /* ProfileViewController.swift */ = {isa = PBXFileReference; lastKnownFileType = sourcecode.swift; path = ProfileViewController.swift; sourceTree = "<group>"; };
		E29A5BD42A76A8D400A76D9C /* CatalogViewController.swift */ = {isa = PBXFileReference; lastKnownFileType = sourcecode.swift; path = CatalogViewController.swift; sourceTree = "<group>"; };
		E29A5BD62A76A92C00A76D9C /* CartViewController.swift */ = {isa = PBXFileReference; lastKnownFileType = sourcecode.swift; path = CartViewController.swift; sourceTree = "<group>"; };
		E29A5BD82A76B53200A76D9C /* ReuseIdentifier.swift */ = {isa = PBXFileReference; lastKnownFileType = sourcecode.swift; path = ReuseIdentifier.swift; sourceTree = "<group>"; };
		E29A5BDA2A76B54400A76D9C /* UICollectionViewCell + Ext.swift */ = {isa = PBXFileReference; lastKnownFileType = sourcecode.swift; path = "UICollectionViewCell + Ext.swift"; sourceTree = "<group>"; };
		E29A5BDC2A76B5FC00A76D9C /* UITableViewCell + Ext.swift */ = {isa = PBXFileReference; lastKnownFileType = sourcecode.swift; path = "UITableViewCell + Ext.swift"; sourceTree = "<group>"; };
/* End PBXFileReference section */

/* Begin PBXFrameworksBuildPhase section */
		3F68069029CBBAF100B4F915 /* Frameworks */ = {
			isa = PBXFrameworksBuildPhase;
			buildActionMask = 2147483647;
			files = (
				3F603CD029DB4A74000C43D7 /* Kingfisher in Frameworks */,
				3F603CCD29DB4A53000C43D7 /* ProgressHUD in Frameworks */,
			);
			runOnlyForDeploymentPostprocessing = 0;
		};
		3F6806A629CBBAF200B4F915 /* Frameworks */ = {
			isa = PBXFrameworksBuildPhase;
			buildActionMask = 2147483647;
			files = (
			);
			runOnlyForDeploymentPostprocessing = 0;
		};
		3F6806B029CBBAF200B4F915 /* Frameworks */ = {
			isa = PBXFrameworksBuildPhase;
			buildActionMask = 2147483647;
			files = (
			);
			runOnlyForDeploymentPostprocessing = 0;
		};
/* End PBXFrameworksBuildPhase section */

/* Begin PBXGroup section */
		3F478ECD29DB473000F6D39E /* DesignSystem */ = {
			isa = PBXGroup;
			children = (
				3F478ECE29DB474E00F6D39E /* Colors.swift */,
				3F478ED029DB476500F6D39E /* Fonts.swift */,
			);
			path = DesignSystem;
			sourceTree = "<group>";
		};
		3F68068A29CBBAF100B4F915 = {
			isa = PBXGroup;
			children = (
				615CBBC52A84276100E7D2F9 /* ProfileDecomposition.md */,
				3F68069529CBBAF100B4F915 /* FakeNFT */,
				3F6806AC29CBBAF200B4F915 /* FakeNFTTests */,
				3F6806B629CBBAF200B4F915 /* FakeNFTUITests */,
				3F68069429CBBAF100B4F915 /* Products */,
				6108DCE02A7AD8D600AAEB34 /* Recovered References */,
			);
			sourceTree = "<group>";
		};
		3F68069429CBBAF100B4F915 /* Products */ = {
			isa = PBXGroup;
			children = (
				3F68069329CBBAF100B4F915 /* FakeNFT.app */,
				3F6806A929CBBAF200B4F915 /* FakeNFTTests.xctest */,
				3F6806B329CBBAF200B4F915 /* FakeNFTUITests.xctest */,
			);
			name = Products;
			sourceTree = "<group>";
		};
		3F68069529CBBAF100B4F915 /* FakeNFT */ = {
			isa = PBXGroup;
			children = (
				C4D18D8D2A7BBE1E00C48F28 /* Protocols */,
				C452BA1A2A78262900862092 /* Presentation */,
				C452BA162A78259F00862092 /* Helpers */,
				3F68069629CBBAF100B4F915 /* AppDelegate.swift */,
				3F68069829CBBAF100B4F915 /* SceneDelegate.swift */,
				3F478ECD29DB473000F6D39E /* DesignSystem */,
				3F6806CE29CBBD1B00B4F915 /* Foundation */,
				3F6806C929CBBCAF00B4F915 /* Models */,
				3F6806C729CBBC5B00B4F915 /* Scenes  */,
				3F6806C629CBBC4E00B4F915 /* Services */,
				C465337E2A73D4D4003AB2C1 /* Extensions */,
				6108DCD12A7851FD00AAEB34 /* Resource */,
				3F68069F29CBBAF200B4F915 /* Assets.xcassets */,
				3F6806A129CBBAF200B4F915 /* LaunchScreen.storyboard */,
				3F6806A429CBBAF200B4F915 /* Info.plist */,
			);
			path = FakeNFT;
			sourceTree = "<group>";
		};
		3F6806AC29CBBAF200B4F915 /* FakeNFTTests */ = {
			isa = PBXGroup;
			children = (
				3F6806AD29CBBAF200B4F915 /* ExampleUnitTests.swift */,
			);
			path = FakeNFTTests;
			sourceTree = "<group>";
		};
		3F6806B629CBBAF200B4F915 /* FakeNFTUITests */ = {
			isa = PBXGroup;
			children = (
				3F6806B729CBBAF200B4F915 /* FakeNFTUITests.swift */,
			);
			path = FakeNFTUITests;
			sourceTree = "<group>";
		};
		3F6806C629CBBC4E00B4F915 /* Services */ = {
			isa = PBXGroup;
			children = (
				3FC8C38F29D245250081F015 /* Requests */,
				E25279A72A829B2200FAE66A /* NFTService.swift */,
				612FE3B52A82C865003273F6 /* ProfileService.swift */,
				C4406ABC2A8CC3C3007593E9 /* CartService.swift */,
				C4406ABE2A8CC45F007593E9 /* CurrencyService.swift */,
				C4406AC42A8CC5CE007593E9 /* UserByIDService.swift */,
				C4406AC82A8CC700007593E9 /* UsersService.swift */,
			);
			path = Services;
			sourceTree = "<group>";
		};
		3F6806C729CBBC5B00B4F915 /* Scenes  */ = {
			isa = PBXGroup;
			children = (
				3F6806C829CBBC8100B4F915 /* ProductDetails */,
			);
			path = "Scenes ";
			sourceTree = "<group>";
		};
		3F6806C829CBBC8100B4F915 /* ProductDetails */ = {
			isa = PBXGroup;
			children = (
				3F68069A29CBBAF100B4F915 /* ProductDetailsTableViewController.swift */,
				3FC8C38A29D242E90081F015 /* ProductDetailsTableViewCell.swift */,
			);
			path = ProductDetails;
			sourceTree = "<group>";
		};
		3F6806C929CBBCAF00B4F915 /* Models */ = {
			isa = PBXGroup;
			children = (
				61DF57DB2A7EA546006C1211 /* ProfileModel.swift */,
				61DF57DF2A7EA6AB006C1211 /* UserModel.swift */,
				61DF57DD2A7EA59E006C1211 /* NFTModel.swift */,
				61DF57E12A7EA715006C1211 /* OrderModel.swift */,
				61DF57E32A7EA809006C1211 /* CollectionModel.swift */,
				61DF57E52A7EA8B0006C1211 /* CurrencyModel.swift */,
				61DF57E72A7EA948006C1211 /* PaymentCurrencyModel.swift */,
				C4406ACC2A8CCE3F007593E9 /* UsersModel.swift */,
				3F6806D829CC979D00B4F915 /* Network */,
			);
			path = Models;
			sourceTree = "<group>";
		};
		3F6806CE29CBBD1B00B4F915 /* Foundation */ = {
			isa = PBXGroup;
			children = (
				3F6806CF29CBBDB100B4F915 /* NetworkClient */,
				3F6806D629CBC50A00B4F915 /* CellsReusingUtils.swift */,
				3FC8C39229D246BA0081F015 /* DateFormatters+Presets.swift */,
			);
			path = Foundation;
			sourceTree = "<group>";
		};
		3F6806CF29CBBDB100B4F915 /* NetworkClient */ = {
			isa = PBXGroup;
			children = (
				3F6806D029CBBE6B00B4F915 /* NetworkClient.swift */,
				3F6806D229CBBE9600B4F915 /* NetworkRequest.swift */,
				3F6806D429CBBEC700B4F915 /* NetworkTask.swift */,
			);
			path = NetworkClient;
			sourceTree = "<group>";
		};
		3F6806D829CC979D00B4F915 /* Network */ = {
			isa = PBXGroup;
			children = (
				3F6806CA29CBBCC700B4F915 /* ExampleNetworkModel.swift */,
			);
			path = Network;
			sourceTree = "<group>";
		};
		3FC8C38F29D245250081F015 /* Requests */ = {
			isa = PBXGroup;
			children = (
				3FC8C39029D2453B0081F015 /* GetNFTRequest.swift */,
				C4406AB42A8CC2E3007593E9 /* GetProfileRequest.swift */,
				C4406AB62A8CC304007593E9 /* ChangeProfileRequest.swift */,
				C4406AB82A8CC387007593E9 /* GetOrderRequest.swift */,
				C4406ABA2A8CC3A2007593E9 /* PutOrderRequest.swift */,
				C4406AC02A8CC495007593E9 /* GetCurrenciesRequest.swift */,
				C4406AC22A8CC4AB007593E9 /* PaymentOrderRequest.swift */,
				C4406AC62A8CC67F007593E9 /* GetUserByIDRequest.swift */,
				C4406ACA2A8CC7A2007593E9 /* GetUsersRequest.swift */,
			);
			path = Requests;
			sourceTree = "<group>";
		};
		6108DCD12A7851FD00AAEB34 /* Resource */ = {
			isa = PBXGroup;
			children = (
				6108DCD62A78522B00AAEB34 /* Localizable.strings */,
			);
			path = Resource;
			sourceTree = "<group>";
		};
		6108DCE02A7AD8D600AAEB34 /* Recovered References */ = {
			isa = PBXGroup;
			children = (
				C4D08E3A2A7A4BCA000B67FB /* ProfileViewModel.swift */,
			);
			name = "Recovered References";
			sourceTree = "<group>";
		};
		6108DCE32A7AE49D00AAEB34 /* MyNFTs */ = {
			isa = PBXGroup;
			children = (
				6108DCE42A7AE4F200AAEB34 /* MyNFTsViewController.swift */,
				612FE3B72A82D2ED003273F6 /* MyNFTsViewModel.swift */,
				612FE3B92A82DF7F003273F6 /* MyNFTsCell.swift */,
			);
			path = MyNFTs;
			sourceTree = "<group>";
		};
		6108DCE62A7AE5E700AAEB34 /* FavoriteNFTs */ = {
			isa = PBXGroup;
			children = (
				6108DCE82A7AE60D00AAEB34 /* FavoriteNFTsViewController.swift */,
				612527162A8D6D740016EE71 /* FavoriteNFTsViewModel.swift */,
			);
			path = FavoriteNFTs;
			sourceTree = "<group>";
		};
		6108DCE72A7AE5F200AAEB34 /* Profile */ = {
			isa = PBXGroup;
			children = (
				E29A5BD22A76A87300A76D9C /* ProfileViewController.swift */,
				6108DCDA2A798D0900AAEB34 /* ProfileViewModel.swift */,
			);
			path = Profile;
			sourceTree = "<group>";
		};
		6108DCEE2A7C0C2C00AAEB34 /* ProfileEditing */ = {
			isa = PBXGroup;
			children = (
				6108DCD82A798B6300AAEB34 /* ProfileEditingViewController.swift */,
				6108DCEF2A7C153D00AAEB34 /* ProfileEditingViewModel.swift */,
				6108DCF12A7C1F6400AAEB34 /* ProfileTextField.swift */,
			);
			path = ProfileEditing;
			sourceTree = "<group>";
		};
		C452BA162A78259F00862092 /* Helpers */ = {
			isa = PBXGroup;
			children = (
				C452BA172A7825BE00862092 /* Observable.swift */,
				611EEBD82A840B21001C7954 /* UIBlockingProgressHUD.swift */,
				611EEBDA2A840C02001C7954 /* Constants.swift */,
			);
			path = Helpers;
			sourceTree = "<group>";
		};
		C452BA1A2A78262900862092 /* Presentation */ = {
			isa = PBXGroup;
			children = (
				E29A5BCE2A76A68600A76D9C /* TabBarController.swift */,
				C452BA1E2A78268C00862092 /* CatalogueFlow */,
				C452BA1D2A78266B00862092 /* ProfileFlow */,
				C452BA1C2A78265D00862092 /* StatisticsFlow */,
				C452BA1B2A78263700862092 /* CartFlow */,
			);
			path = Presentation;
			sourceTree = "<group>";
		};
		C452BA1B2A78263700862092 /* CartFlow */ = {
			isa = PBXGroup;
			children = (
				C452BA1F2A78275C00862092 /* Cart */,
			);
			path = CartFlow;
			sourceTree = "<group>";
		};
		C452BA1C2A78265D00862092 /* StatisticsFlow */ = {
			isa = PBXGroup;
			children = (
				E29A5BD02A76A84900A76D9C /* StatisticViewController.swift */,
				C4D08E3C2A7A4C0E000B67FB /* StatisticViewModel.swift */,
			);
			path = StatisticsFlow;
			sourceTree = "<group>";
		};
		C452BA1D2A78266B00862092 /* ProfileFlow */ = {
			isa = PBXGroup;
			children = (
				6108DCE72A7AE5F200AAEB34 /* Profile */,
				6108DCEE2A7C0C2C00AAEB34 /* ProfileEditing */,
				6108DCE32A7AE49D00AAEB34 /* MyNFTs */,
				6108DCE62A7AE5E700AAEB34 /* FavoriteNFTs */,
				6108DCEA2A7AE9F500AAEB34 /* ProfileWebsiteViewController.swift */,
			);
			path = ProfileFlow;
			sourceTree = "<group>";
		};
		C452BA1E2A78268C00862092 /* CatalogueFlow */ = {
			isa = PBXGroup;
			children = (
				E29A5BD42A76A8D400A76D9C /* CatalogViewController.swift */,
				C4D08E382A7A4B9F000B67FB /* CatalogueViewModel.swift */,
			);
			path = CatalogueFlow;
			sourceTree = "<group>";
		};
		C452BA1F2A78275C00862092 /* Cart */ = {
			isa = PBXGroup;
			children = (
				E29A5BD62A76A92C00A76D9C /* CartViewController.swift */,
				C4D08E3E2A7A4C39000B67FB /* CartViewModel.swift */,
			);
			path = Cart;
			sourceTree = "<group>";
		};
		C465337E2A73D4D4003AB2C1 /* Extensions */ = {
			isa = PBXGroup;
			children = (
				6108DCCF2A78519900AAEB34 /* String+extensions.swift */,
				C465337F2A73D4F6003AB2C1 /* UIColor+extension.swift */,
				C46E7E0E2A750583006E12E3 /* UIImage+extension.swift */,
				E29A5BD82A76B53200A76D9C /* ReuseIdentifier.swift */,
				E29A5BDA2A76B54400A76D9C /* UICollectionViewCell + Ext.swift */,
				E29A5BDC2A76B5FC00A76D9C /* UITableViewCell + Ext.swift */,
				C4D18D8B2A7BB9AC00C48F28 /* UIViewController+extension.swift */,
				C4C26EC52A829958003F2F35 /* UICollectionView+extension.swift */,
			);
			path = Extensions;
			sourceTree = "<group>";
		};
		C4D18D8D2A7BBE1E00C48F28 /* Protocols */ = {
			isa = PBXGroup;
			children = (
				C4D18D8E2A7BBE3F00C48F28 /* Sortable.swift */,
				C4406ACE2A8CE5B0007593E9 /* NFTServiceProtocol.swift */,
				C4406AD02A8CE669007593E9 /* ProfileServiceProtocol.swift */,
				C4406AD22A8CE8A4007593E9 /* CartServiceProtocol.swift */,
				C4406AD42A8CE98F007593E9 /* CurrencyServiceProtocol.swift */,
				C4406AD62A8CE9E3007593E9 /* UserByIDServiceProtocol.swift */,
				C4406AD82A8CEA17007593E9 /* UsersServiceProtocol.swift */,
			);
			path = Protocols;
			sourceTree = "<group>";
		};
/* End PBXGroup section */

/* Begin PBXNativeTarget section */
		3F68069229CBBAF100B4F915 /* FakeNFT */ = {
			isa = PBXNativeTarget;
			buildConfigurationList = 3F6806BD29CBBAF200B4F915 /* Build configuration list for PBXNativeTarget "FakeNFT" */;
			buildPhases = (
				3FC8C39529D24CDB0081F015 /* Swiftlint */,
				3F68068F29CBBAF100B4F915 /* Sources */,
				3F68069029CBBAF100B4F915 /* Frameworks */,
				3F68069129CBBAF100B4F915 /* Resources */,
			);
			buildRules = (
			);
			dependencies = (
			);
			name = FakeNFT;
			packageProductDependencies = (
				3F603CCC29DB4A53000C43D7 /* ProgressHUD */,
				3F603CCF29DB4A74000C43D7 /* Kingfisher */,
			);
			productName = FakeNFT;
			productReference = 3F68069329CBBAF100B4F915 /* FakeNFT.app */;
			productType = "com.apple.product-type.application";
		};
		3F6806A829CBBAF200B4F915 /* FakeNFTTests */ = {
			isa = PBXNativeTarget;
			buildConfigurationList = 3F6806C029CBBAF200B4F915 /* Build configuration list for PBXNativeTarget "FakeNFTTests" */;
			buildPhases = (
				3F6806A529CBBAF200B4F915 /* Sources */,
				3F6806A629CBBAF200B4F915 /* Frameworks */,
				3F6806A729CBBAF200B4F915 /* Resources */,
			);
			buildRules = (
			);
			dependencies = (
				3F6806AB29CBBAF200B4F915 /* PBXTargetDependency */,
			);
			name = FakeNFTTests;
			productName = FakeNFTTests;
			productReference = 3F6806A929CBBAF200B4F915 /* FakeNFTTests.xctest */;
			productType = "com.apple.product-type.bundle.unit-test";
		};
		3F6806B229CBBAF200B4F915 /* FakeNFTUITests */ = {
			isa = PBXNativeTarget;
			buildConfigurationList = 3F6806C329CBBAF200B4F915 /* Build configuration list for PBXNativeTarget "FakeNFTUITests" */;
			buildPhases = (
				3F6806AF29CBBAF200B4F915 /* Sources */,
				3F6806B029CBBAF200B4F915 /* Frameworks */,
				3F6806B129CBBAF200B4F915 /* Resources */,
			);
			buildRules = (
			);
			dependencies = (
				3F6806B529CBBAF200B4F915 /* PBXTargetDependency */,
			);
			name = FakeNFTUITests;
			productName = FakeNFTUITests;
			productReference = 3F6806B329CBBAF200B4F915 /* FakeNFTUITests.xctest */;
			productType = "com.apple.product-type.bundle.ui-testing";
		};
/* End PBXNativeTarget section */

/* Begin PBXProject section */
		3F68068B29CBBAF100B4F915 /* Project object */ = {
			isa = PBXProject;
			attributes = {
				BuildIndependentTargetsInParallel = 1;
				LastSwiftUpdateCheck = 1420;
				LastUpgradeCheck = 1420;
				TargetAttributes = {
					3F68069229CBBAF100B4F915 = {
						CreatedOnToolsVersion = 14.2;
					};
					3F6806A829CBBAF200B4F915 = {
						CreatedOnToolsVersion = 14.2;
						TestTargetID = 3F68069229CBBAF100B4F915;
					};
					3F6806B229CBBAF200B4F915 = {
						CreatedOnToolsVersion = 14.2;
						TestTargetID = 3F68069229CBBAF100B4F915;
					};
				};
			};
			buildConfigurationList = 3F68068E29CBBAF100B4F915 /* Build configuration list for PBXProject "FakeNFT" */;
			compatibilityVersion = "Xcode 14.0";
			developmentRegion = en;
			hasScannedForEncodings = 0;
			knownRegions = (
				en,
				Base,
				ru,
			);
			mainGroup = 3F68068A29CBBAF100B4F915;
			packageReferences = (
				3F603CCB29DB4A53000C43D7 /* XCRemoteSwiftPackageReference "ProgressHUD" */,
				3F603CCE29DB4A74000C43D7 /* XCRemoteSwiftPackageReference "Kingfisher" */,
			);
			productRefGroup = 3F68069429CBBAF100B4F915 /* Products */;
			projectDirPath = "";
			projectRoot = "";
			targets = (
				3F68069229CBBAF100B4F915 /* FakeNFT */,
				3F6806A829CBBAF200B4F915 /* FakeNFTTests */,
				3F6806B229CBBAF200B4F915 /* FakeNFTUITests */,
			);
		};
/* End PBXProject section */

/* Begin PBXResourcesBuildPhase section */
		3F68069129CBBAF100B4F915 /* Resources */ = {
			isa = PBXResourcesBuildPhase;
			buildActionMask = 2147483647;
			files = (
				615CBBC62A84276100E7D2F9 /* ProfileDecomposition.md in Resources */,
				3F6806A329CBBAF200B4F915 /* LaunchScreen.storyboard in Resources */,
				6108DCD42A78522B00AAEB34 /* Localizable.strings in Resources */,
				3F6806A029CBBAF200B4F915 /* Assets.xcassets in Resources */,
			);
			runOnlyForDeploymentPostprocessing = 0;
		};
		3F6806A729CBBAF200B4F915 /* Resources */ = {
			isa = PBXResourcesBuildPhase;
			buildActionMask = 2147483647;
			files = (
			);
			runOnlyForDeploymentPostprocessing = 0;
		};
		3F6806B129CBBAF200B4F915 /* Resources */ = {
			isa = PBXResourcesBuildPhase;
			buildActionMask = 2147483647;
			files = (
			);
			runOnlyForDeploymentPostprocessing = 0;
		};
/* End PBXResourcesBuildPhase section */

/* Begin PBXShellScriptBuildPhase section */
		3FC8C39529D24CDB0081F015 /* Swiftlint */ = {
			isa = PBXShellScriptBuildPhase;
			buildActionMask = 2147483647;
			files = (
			);
			inputFileListPaths = (
			);
			inputPaths = (
			);
			name = Swiftlint;
			outputFileListPaths = (
			);
			outputPaths = (
			);
			runOnlyForDeploymentPostprocessing = 0;
			shellPath = /bin/sh;
			shellScript = "export PATH=\"$PATH:/opt/homebrew/bin\"\nif which swiftlint > /dev/null; then\n  swiftlint --fix && swiftlint\nelse\n  echo \"warning: SwiftLint not installed, download from https://github.com/realm/SwiftLint\"\nfi\n";
		};
/* End PBXShellScriptBuildPhase section */

/* Begin PBXSourcesBuildPhase section */
		3F68068F29CBBAF100B4F915 /* Sources */ = {
			isa = PBXSourcesBuildPhase;
			buildActionMask = 2147483647;
			files = (
				C46E7E0F2A750583006E12E3 /* UIImage+extension.swift in Sources */,
				E29A5BCF2A76A68600A76D9C /* TabBarController.swift in Sources */,
				6108DCEB2A7AE9F500AAEB34 /* ProfileWebsiteViewController.swift in Sources */,
				6108DCF22A7C1F6400AAEB34 /* ProfileTextField.swift in Sources */,
				6108DCF02A7C153D00AAEB34 /* ProfileEditingViewModel.swift in Sources */,
				C4D18D8C2A7BB9AC00C48F28 /* UIViewController+extension.swift in Sources */,
				C4D08E392A7A4B9F000B67FB /* CatalogueViewModel.swift in Sources */,
				C4406ACB2A8CC7A2007593E9 /* GetUsersRequest.swift in Sources */,
				C4406ACD2A8CCE3F007593E9 /* UsersModel.swift in Sources */,
				E25279A82A829B2200FAE66A /* NFTService.swift in Sources */,
				C4C26EC62A829958003F2F35 /* UICollectionView+extension.swift in Sources */,
				61DF57E42A7EA809006C1211 /* CollectionModel.swift in Sources */,
				C4406AD72A8CE9E3007593E9 /* UserByIDServiceProtocol.swift in Sources */,
				611EEBDB2A840C02001C7954 /* Constants.swift in Sources */,
				C4406ACF2A8CE5B0007593E9 /* NFTServiceProtocol.swift in Sources */,
				E29A5BDD2A76B5FC00A76D9C /* UITableViewCell + Ext.swift in Sources */,
				6108DCDB2A798D0900AAEB34 /* ProfileViewModel.swift in Sources */,
				E29A5BDB2A76B54400A76D9C /* UICollectionViewCell + Ext.swift in Sources */,
				C4406AB92A8CC387007593E9 /* GetOrderRequest.swift in Sources */,
				3FC8C38B29D242E90081F015 /* ProductDetailsTableViewCell.swift in Sources */,
				6108DCE92A7AE60D00AAEB34 /* FavoriteNFTsViewController.swift in Sources */,
				61DF57E02A7EA6AB006C1211 /* UserModel.swift in Sources */,
				C4D18D8F2A7BBE3F00C48F28 /* Sortable.swift in Sources */,
				E29A5BD52A76A8D400A76D9C /* CatalogViewController.swift in Sources */,
				3F478ECF29DB474E00F6D39E /* Colors.swift in Sources */,
				3F478ED129DB476500F6D39E /* Fonts.swift in Sources */,
				3FC8C39329D246BA0081F015 /* DateFormatters+Presets.swift in Sources */,
				C4406AD52A8CE98F007593E9 /* CurrencyServiceProtocol.swift in Sources */,
				C4D08E3F2A7A4C39000B67FB /* CartViewModel.swift in Sources */,
				E29A5BD32A76A87300A76D9C /* ProfileViewController.swift in Sources */,
				3F68069B29CBBAF100B4F915 /* ProductDetailsTableViewController.swift in Sources */,
				61DF57E22A7EA715006C1211 /* OrderModel.swift in Sources */,
				C4406ABB2A8CC3A2007593E9 /* PutOrderRequest.swift in Sources */,
				6108DCD02A78519900AAEB34 /* String+extensions.swift in Sources */,
				C4406AD92A8CEA17007593E9 /* UsersServiceProtocol.swift in Sources */,
				3F6806D529CBBEC700B4F915 /* NetworkTask.swift in Sources */,
				C4406AB52A8CC2E3007593E9 /* GetProfileRequest.swift in Sources */,
				612527172A8D6D740016EE71 /* FavoriteNFTsViewModel.swift in Sources */,
				3F68069729CBBAF100B4F915 /* AppDelegate.swift in Sources */,
				C4406AC72A8CC67F007593E9 /* GetUserByIDRequest.swift in Sources */,
				C46533802A73D4F6003AB2C1 /* UIColor+extension.swift in Sources */,
				612FE3B82A82D2ED003273F6 /* MyNFTsViewModel.swift in Sources */,
				612FE3B62A82C865003273F6 /* ProfileService.swift in Sources */,
				61DF57E62A7EA8B0006C1211 /* CurrencyModel.swift in Sources */,
				E29A5BD72A76A92C00A76D9C /* CartViewController.swift in Sources */,
				C4406ABF2A8CC45F007593E9 /* CurrencyService.swift in Sources */,
				E29A5BD92A76B53200A76D9C /* ReuseIdentifier.swift in Sources */,
				612FE3BA2A82DF7F003273F6 /* MyNFTsCell.swift in Sources */,
				6108DCE52A7AE4F200AAEB34 /* MyNFTsViewController.swift in Sources */,
				6108DCD92A798B6300AAEB34 /* ProfileEditingViewController.swift in Sources */,
				C452BA182A7825BE00862092 /* Observable.swift in Sources */,
				3F68069929CBBAF100B4F915 /* SceneDelegate.swift in Sources */,
				C4406AB72A8CC304007593E9 /* ChangeProfileRequest.swift in Sources */,
				3FC8C39129D2453B0081F015 /* GetNFTRequest.swift in Sources */,
				61DF57DC2A7EA546006C1211 /* ProfileModel.swift in Sources */,
				3F6806D729CBC50A00B4F915 /* CellsReusingUtils.swift in Sources */,
				C4406ABD2A8CC3C3007593E9 /* CartService.swift in Sources */,
				61DF57DE2A7EA59E006C1211 /* NFTModel.swift in Sources */,
				C4D08E3D2A7A4C0E000B67FB /* StatisticViewModel.swift in Sources */,
				61DF57E82A7EA948006C1211 /* PaymentCurrencyModel.swift in Sources */,
				C4406AC52A8CC5CE007593E9 /* UserByIDService.swift in Sources */,
				C4406AD12A8CE669007593E9 /* ProfileServiceProtocol.swift in Sources */,
				3F6806D329CBBE9600B4F915 /* NetworkRequest.swift in Sources */,
				3F6806CB29CBBCC700B4F915 /* ExampleNetworkModel.swift in Sources */,
				C4406AD32A8CE8A4007593E9 /* CartServiceProtocol.swift in Sources */,
				C4406AC92A8CC700007593E9 /* UsersService.swift in Sources */,
				E29A5BD12A76A84900A76D9C /* StatisticViewController.swift in Sources */,
				C4406AC12A8CC495007593E9 /* GetCurrenciesRequest.swift in Sources */,
				C4406AC32A8CC4AB007593E9 /* PaymentOrderRequest.swift in Sources */,
				3F6806D129CBBE6B00B4F915 /* NetworkClient.swift in Sources */,
				611EEBD92A840B21001C7954 /* UIBlockingProgressHUD.swift in Sources */,
			);
			runOnlyForDeploymentPostprocessing = 0;
		};
		3F6806A529CBBAF200B4F915 /* Sources */ = {
			isa = PBXSourcesBuildPhase;
			buildActionMask = 2147483647;
			files = (
				3F6806AE29CBBAF200B4F915 /* ExampleUnitTests.swift in Sources */,
			);
			runOnlyForDeploymentPostprocessing = 0;
		};
		3F6806AF29CBBAF200B4F915 /* Sources */ = {
			isa = PBXSourcesBuildPhase;
			buildActionMask = 2147483647;
			files = (
				3F6806B829CBBAF200B4F915 /* FakeNFTUITests.swift in Sources */,
			);
			runOnlyForDeploymentPostprocessing = 0;
		};
/* End PBXSourcesBuildPhase section */

/* Begin PBXTargetDependency section */
		3F6806AB29CBBAF200B4F915 /* PBXTargetDependency */ = {
			isa = PBXTargetDependency;
			target = 3F68069229CBBAF100B4F915 /* FakeNFT */;
			targetProxy = 3F6806AA29CBBAF200B4F915 /* PBXContainerItemProxy */;
		};
		3F6806B529CBBAF200B4F915 /* PBXTargetDependency */ = {
			isa = PBXTargetDependency;
			target = 3F68069229CBBAF100B4F915 /* FakeNFT */;
			targetProxy = 3F6806B429CBBAF200B4F915 /* PBXContainerItemProxy */;
		};
/* End PBXTargetDependency section */

/* Begin PBXVariantGroup section */
		3F6806A129CBBAF200B4F915 /* LaunchScreen.storyboard */ = {
			isa = PBXVariantGroup;
			children = (
				3F6806A229CBBAF200B4F915 /* Base */,
			);
			name = LaunchScreen.storyboard;
			sourceTree = "<group>";
		};
		6108DCD62A78522B00AAEB34 /* Localizable.strings */ = {
			isa = PBXVariantGroup;
			children = (
				6108DCD52A78522B00AAEB34 /* en */,
				6108DCD72A78524800AAEB34 /* ru */,
			);
			name = Localizable.strings;
			sourceTree = "<group>";
		};
/* End PBXVariantGroup section */

/* Begin XCBuildConfiguration section */
		3F6806BB29CBBAF200B4F915 /* Debug */ = {
			isa = XCBuildConfiguration;
			buildSettings = {
				ALWAYS_SEARCH_USER_PATHS = NO;
				CLANG_ANALYZER_LOCALIZABILITY_NONLOCALIZED = YES;
				CLANG_ANALYZER_NONNULL = YES;
				CLANG_ANALYZER_NUMBER_OBJECT_CONVERSION = YES_AGGRESSIVE;
				CLANG_CXX_LANGUAGE_STANDARD = "gnu++20";
				CLANG_ENABLE_MODULES = YES;
				CLANG_ENABLE_OBJC_ARC = YES;
				CLANG_ENABLE_OBJC_WEAK = YES;
				CLANG_WARN_BLOCK_CAPTURE_AUTORELEASING = YES;
				CLANG_WARN_BOOL_CONVERSION = YES;
				CLANG_WARN_COMMA = YES;
				CLANG_WARN_CONSTANT_CONVERSION = YES;
				CLANG_WARN_DEPRECATED_OBJC_IMPLEMENTATIONS = YES;
				CLANG_WARN_DIRECT_OBJC_ISA_USAGE = YES_ERROR;
				CLANG_WARN_DOCUMENTATION_COMMENTS = YES;
				CLANG_WARN_EMPTY_BODY = YES;
				CLANG_WARN_ENUM_CONVERSION = YES;
				CLANG_WARN_INFINITE_RECURSION = YES;
				CLANG_WARN_INT_CONVERSION = YES;
				CLANG_WARN_NON_LITERAL_NULL_CONVERSION = YES;
				CLANG_WARN_OBJC_IMPLICIT_RETAIN_SELF = YES;
				CLANG_WARN_OBJC_LITERAL_CONVERSION = YES;
				CLANG_WARN_OBJC_ROOT_CLASS = YES_ERROR;
				CLANG_WARN_QUOTED_INCLUDE_IN_FRAMEWORK_HEADER = YES;
				CLANG_WARN_RANGE_LOOP_ANALYSIS = YES;
				CLANG_WARN_STRICT_PROTOTYPES = YES;
				CLANG_WARN_SUSPICIOUS_MOVE = YES;
				CLANG_WARN_UNGUARDED_AVAILABILITY = YES_AGGRESSIVE;
				CLANG_WARN_UNREACHABLE_CODE = YES;
				CLANG_WARN__DUPLICATE_METHOD_MATCH = YES;
				COPY_PHASE_STRIP = NO;
				DEBUG_INFORMATION_FORMAT = dwarf;
				ENABLE_STRICT_OBJC_MSGSEND = YES;
				ENABLE_TESTABILITY = YES;
				GCC_C_LANGUAGE_STANDARD = gnu11;
				GCC_DYNAMIC_NO_PIC = NO;
				GCC_NO_COMMON_BLOCKS = YES;
				GCC_OPTIMIZATION_LEVEL = 0;
				GCC_PREPROCESSOR_DEFINITIONS = (
					"DEBUG=1",
					"$(inherited)",
				);
				GCC_WARN_64_TO_32_BIT_CONVERSION = YES;
				GCC_WARN_ABOUT_RETURN_TYPE = YES_ERROR;
				GCC_WARN_UNDECLARED_SELECTOR = YES;
				GCC_WARN_UNINITIALIZED_AUTOS = YES_AGGRESSIVE;
				GCC_WARN_UNUSED_FUNCTION = YES;
				GCC_WARN_UNUSED_VARIABLE = YES;
				IPHONEOS_DEPLOYMENT_TARGET = 13.0;
				MTL_ENABLE_DEBUG_INFO = INCLUDE_SOURCE;
				MTL_FAST_MATH = YES;
				ONLY_ACTIVE_ARCH = YES;
				SDKROOT = iphoneos;
				SWIFT_ACTIVE_COMPILATION_CONDITIONS = DEBUG;
				SWIFT_OPTIMIZATION_LEVEL = "-Onone";
			};
			name = Debug;
		};
		3F6806BC29CBBAF200B4F915 /* Release */ = {
			isa = XCBuildConfiguration;
			buildSettings = {
				ALWAYS_SEARCH_USER_PATHS = NO;
				CLANG_ANALYZER_LOCALIZABILITY_NONLOCALIZED = YES;
				CLANG_ANALYZER_NONNULL = YES;
				CLANG_ANALYZER_NUMBER_OBJECT_CONVERSION = YES_AGGRESSIVE;
				CLANG_CXX_LANGUAGE_STANDARD = "gnu++20";
				CLANG_ENABLE_MODULES = YES;
				CLANG_ENABLE_OBJC_ARC = YES;
				CLANG_ENABLE_OBJC_WEAK = YES;
				CLANG_WARN_BLOCK_CAPTURE_AUTORELEASING = YES;
				CLANG_WARN_BOOL_CONVERSION = YES;
				CLANG_WARN_COMMA = YES;
				CLANG_WARN_CONSTANT_CONVERSION = YES;
				CLANG_WARN_DEPRECATED_OBJC_IMPLEMENTATIONS = YES;
				CLANG_WARN_DIRECT_OBJC_ISA_USAGE = YES_ERROR;
				CLANG_WARN_DOCUMENTATION_COMMENTS = YES;
				CLANG_WARN_EMPTY_BODY = YES;
				CLANG_WARN_ENUM_CONVERSION = YES;
				CLANG_WARN_INFINITE_RECURSION = YES;
				CLANG_WARN_INT_CONVERSION = YES;
				CLANG_WARN_NON_LITERAL_NULL_CONVERSION = YES;
				CLANG_WARN_OBJC_IMPLICIT_RETAIN_SELF = YES;
				CLANG_WARN_OBJC_LITERAL_CONVERSION = YES;
				CLANG_WARN_OBJC_ROOT_CLASS = YES_ERROR;
				CLANG_WARN_QUOTED_INCLUDE_IN_FRAMEWORK_HEADER = YES;
				CLANG_WARN_RANGE_LOOP_ANALYSIS = YES;
				CLANG_WARN_STRICT_PROTOTYPES = YES;
				CLANG_WARN_SUSPICIOUS_MOVE = YES;
				CLANG_WARN_UNGUARDED_AVAILABILITY = YES_AGGRESSIVE;
				CLANG_WARN_UNREACHABLE_CODE = YES;
				CLANG_WARN__DUPLICATE_METHOD_MATCH = YES;
				COPY_PHASE_STRIP = NO;
				DEBUG_INFORMATION_FORMAT = "dwarf-with-dsym";
				ENABLE_NS_ASSERTIONS = NO;
				ENABLE_STRICT_OBJC_MSGSEND = YES;
				GCC_C_LANGUAGE_STANDARD = gnu11;
				GCC_NO_COMMON_BLOCKS = YES;
				GCC_WARN_64_TO_32_BIT_CONVERSION = YES;
				GCC_WARN_ABOUT_RETURN_TYPE = YES_ERROR;
				GCC_WARN_UNDECLARED_SELECTOR = YES;
				GCC_WARN_UNINITIALIZED_AUTOS = YES_AGGRESSIVE;
				GCC_WARN_UNUSED_FUNCTION = YES;
				GCC_WARN_UNUSED_VARIABLE = YES;
				IPHONEOS_DEPLOYMENT_TARGET = 13.0;
				MTL_ENABLE_DEBUG_INFO = NO;
				MTL_FAST_MATH = YES;
				SDKROOT = iphoneos;
				SWIFT_COMPILATION_MODE = wholemodule;
				SWIFT_OPTIMIZATION_LEVEL = "-O";
				VALIDATE_PRODUCT = YES;
			};
			name = Release;
		};
		3F6806BE29CBBAF200B4F915 /* Debug */ = {
			isa = XCBuildConfiguration;
			buildSettings = {
				ASSETCATALOG_COMPILER_APPICON_NAME = AppIcon;
				ASSETCATALOG_COMPILER_GLOBAL_ACCENT_COLOR_NAME = AccentColor;
				CODE_SIGN_STYLE = Automatic;
				CURRENT_PROJECT_VERSION = 1;
				GENERATE_INFOPLIST_FILE = YES;
				INFOPLIST_FILE = FakeNFT/Info.plist;
				INFOPLIST_KEY_UIApplicationSupportsIndirectInputEvents = YES;
				INFOPLIST_KEY_UILaunchStoryboardName = LaunchScreen;
				INFOPLIST_KEY_UIMainStoryboardFile = "";
				INFOPLIST_KEY_UISupportedInterfaceOrientations_iPad = "UIInterfaceOrientationPortrait UIInterfaceOrientationPortraitUpsideDown UIInterfaceOrientationLandscapeLeft UIInterfaceOrientationLandscapeRight";
				INFOPLIST_KEY_UISupportedInterfaceOrientations_iPhone = "UIInterfaceOrientationPortrait UIInterfaceOrientationLandscapeLeft UIInterfaceOrientationLandscapeRight";
				IPHONEOS_DEPLOYMENT_TARGET = 13.0;
				LD_RUNPATH_SEARCH_PATHS = (
					"$(inherited)",
					"@executable_path/Frameworks",
				);
				MARKETING_VERSION = 1.0;
				PRODUCT_BUNDLE_IDENTIFIER = com.practicum.FakeNFT;
				PRODUCT_NAME = "$(TARGET_NAME)";
				SWIFT_EMIT_LOC_STRINGS = YES;
				SWIFT_VERSION = 5.0;
				TARGETED_DEVICE_FAMILY = "1,2";
			};
			name = Debug;
		};
		3F6806BF29CBBAF200B4F915 /* Release */ = {
			isa = XCBuildConfiguration;
			buildSettings = {
				ASSETCATALOG_COMPILER_APPICON_NAME = AppIcon;
				ASSETCATALOG_COMPILER_GLOBAL_ACCENT_COLOR_NAME = AccentColor;
				CODE_SIGN_STYLE = Automatic;
				CURRENT_PROJECT_VERSION = 1;
				GENERATE_INFOPLIST_FILE = YES;
				INFOPLIST_FILE = FakeNFT/Info.plist;
				INFOPLIST_KEY_UIApplicationSupportsIndirectInputEvents = YES;
				INFOPLIST_KEY_UILaunchStoryboardName = LaunchScreen;
				INFOPLIST_KEY_UIMainStoryboardFile = "";
				INFOPLIST_KEY_UISupportedInterfaceOrientations_iPad = "UIInterfaceOrientationPortrait UIInterfaceOrientationPortraitUpsideDown UIInterfaceOrientationLandscapeLeft UIInterfaceOrientationLandscapeRight";
				INFOPLIST_KEY_UISupportedInterfaceOrientations_iPhone = "UIInterfaceOrientationPortrait UIInterfaceOrientationLandscapeLeft UIInterfaceOrientationLandscapeRight";
				IPHONEOS_DEPLOYMENT_TARGET = 13.0;
				LD_RUNPATH_SEARCH_PATHS = (
					"$(inherited)",
					"@executable_path/Frameworks",
				);
				MARKETING_VERSION = 1.0;
				PRODUCT_BUNDLE_IDENTIFIER = com.practicum.FakeNFT;
				PRODUCT_NAME = "$(TARGET_NAME)";
				SWIFT_EMIT_LOC_STRINGS = YES;
				SWIFT_VERSION = 5.0;
				TARGETED_DEVICE_FAMILY = "1,2";
			};
			name = Release;
		};
		3F6806C129CBBAF200B4F915 /* Debug */ = {
			isa = XCBuildConfiguration;
			buildSettings = {
				ALWAYS_EMBED_SWIFT_STANDARD_LIBRARIES = YES;
				BUNDLE_LOADER = "$(TEST_HOST)";
				CODE_SIGN_STYLE = Automatic;
				CURRENT_PROJECT_VERSION = 1;
				GENERATE_INFOPLIST_FILE = YES;
				IPHONEOS_DEPLOYMENT_TARGET = 16.2;
				MARKETING_VERSION = 1.0;
				PRODUCT_BUNDLE_IDENTIFIER = com.practicum.FakeNFTTests;
				PRODUCT_NAME = "$(TARGET_NAME)";
				SWIFT_EMIT_LOC_STRINGS = NO;
				SWIFT_VERSION = 5.0;
				TARGETED_DEVICE_FAMILY = "1,2";
				TEST_HOST = "$(BUILT_PRODUCTS_DIR)/FakeNFT.app/$(BUNDLE_EXECUTABLE_FOLDER_PATH)/FakeNFT";
			};
			name = Debug;
		};
		3F6806C229CBBAF200B4F915 /* Release */ = {
			isa = XCBuildConfiguration;
			buildSettings = {
				ALWAYS_EMBED_SWIFT_STANDARD_LIBRARIES = YES;
				BUNDLE_LOADER = "$(TEST_HOST)";
				CODE_SIGN_STYLE = Automatic;
				CURRENT_PROJECT_VERSION = 1;
				GENERATE_INFOPLIST_FILE = YES;
				IPHONEOS_DEPLOYMENT_TARGET = 16.2;
				MARKETING_VERSION = 1.0;
				PRODUCT_BUNDLE_IDENTIFIER = com.practicum.FakeNFTTests;
				PRODUCT_NAME = "$(TARGET_NAME)";
				SWIFT_EMIT_LOC_STRINGS = NO;
				SWIFT_VERSION = 5.0;
				TARGETED_DEVICE_FAMILY = "1,2";
				TEST_HOST = "$(BUILT_PRODUCTS_DIR)/FakeNFT.app/$(BUNDLE_EXECUTABLE_FOLDER_PATH)/FakeNFT";
			};
			name = Release;
		};
		3F6806C429CBBAF200B4F915 /* Debug */ = {
			isa = XCBuildConfiguration;
			buildSettings = {
				ALWAYS_EMBED_SWIFT_STANDARD_LIBRARIES = YES;
				CODE_SIGN_STYLE = Automatic;
				CURRENT_PROJECT_VERSION = 1;
				GENERATE_INFOPLIST_FILE = YES;
				MARKETING_VERSION = 1.0;
				PRODUCT_BUNDLE_IDENTIFIER = com.practicum.FakeNFTUITests;
				PRODUCT_NAME = "$(TARGET_NAME)";
				SWIFT_EMIT_LOC_STRINGS = NO;
				SWIFT_VERSION = 5.0;
				TARGETED_DEVICE_FAMILY = "1,2";
				TEST_TARGET_NAME = FakeNFT;
			};
			name = Debug;
		};
		3F6806C529CBBAF200B4F915 /* Release */ = {
			isa = XCBuildConfiguration;
			buildSettings = {
				ALWAYS_EMBED_SWIFT_STANDARD_LIBRARIES = YES;
				CODE_SIGN_STYLE = Automatic;
				CURRENT_PROJECT_VERSION = 1;
				GENERATE_INFOPLIST_FILE = YES;
				MARKETING_VERSION = 1.0;
				PRODUCT_BUNDLE_IDENTIFIER = com.practicum.FakeNFTUITests;
				PRODUCT_NAME = "$(TARGET_NAME)";
				SWIFT_EMIT_LOC_STRINGS = NO;
				SWIFT_VERSION = 5.0;
				TARGETED_DEVICE_FAMILY = "1,2";
				TEST_TARGET_NAME = FakeNFT;
			};
			name = Release;
		};
/* End XCBuildConfiguration section */

/* Begin XCConfigurationList section */
		3F68068E29CBBAF100B4F915 /* Build configuration list for PBXProject "FakeNFT" */ = {
			isa = XCConfigurationList;
			buildConfigurations = (
				3F6806BB29CBBAF200B4F915 /* Debug */,
				3F6806BC29CBBAF200B4F915 /* Release */,
			);
			defaultConfigurationIsVisible = 0;
			defaultConfigurationName = Release;
		};
		3F6806BD29CBBAF200B4F915 /* Build configuration list for PBXNativeTarget "FakeNFT" */ = {
			isa = XCConfigurationList;
			buildConfigurations = (
				3F6806BE29CBBAF200B4F915 /* Debug */,
				3F6806BF29CBBAF200B4F915 /* Release */,
			);
			defaultConfigurationIsVisible = 0;
			defaultConfigurationName = Release;
		};
		3F6806C029CBBAF200B4F915 /* Build configuration list for PBXNativeTarget "FakeNFTTests" */ = {
			isa = XCConfigurationList;
			buildConfigurations = (
				3F6806C129CBBAF200B4F915 /* Debug */,
				3F6806C229CBBAF200B4F915 /* Release */,
			);
			defaultConfigurationIsVisible = 0;
			defaultConfigurationName = Release;
		};
		3F6806C329CBBAF200B4F915 /* Build configuration list for PBXNativeTarget "FakeNFTUITests" */ = {
			isa = XCConfigurationList;
			buildConfigurations = (
				3F6806C429CBBAF200B4F915 /* Debug */,
				3F6806C529CBBAF200B4F915 /* Release */,
			);
			defaultConfigurationIsVisible = 0;
			defaultConfigurationName = Release;
		};
/* End XCConfigurationList section */

/* Begin XCRemoteSwiftPackageReference section */
		3F603CCB29DB4A53000C43D7 /* XCRemoteSwiftPackageReference "ProgressHUD" */ = {
			isa = XCRemoteSwiftPackageReference;
			repositoryURL = "https://github.com/relatedcode/ProgressHUD";
			requirement = {
				kind = upToNextMajorVersion;
				minimumVersion = 13.0.0;
			};
		};
		3F603CCE29DB4A74000C43D7 /* XCRemoteSwiftPackageReference "Kingfisher" */ = {
			isa = XCRemoteSwiftPackageReference;
			repositoryURL = "https://github.com/onevcat/Kingfisher.git";
			requirement = {
				kind = upToNextMajorVersion;
				minimumVersion = 7.8.1;
			};
		};
/* End XCRemoteSwiftPackageReference section */

/* Begin XCSwiftPackageProductDependency section */
		3F603CCC29DB4A53000C43D7 /* ProgressHUD */ = {
			isa = XCSwiftPackageProductDependency;
			package = 3F603CCB29DB4A53000C43D7 /* XCRemoteSwiftPackageReference "ProgressHUD" */;
			productName = ProgressHUD;
		};
		3F603CCF29DB4A74000C43D7 /* Kingfisher */ = {
			isa = XCSwiftPackageProductDependency;
			package = 3F603CCE29DB4A74000C43D7 /* XCRemoteSwiftPackageReference "Kingfisher" */;
			productName = Kingfisher;
		};
/* End XCSwiftPackageProductDependency section */
	};
	rootObject = 3F68068B29CBBAF100B4F915 /* Project object */;
}
